
Microsoft Visual Studio Solution File, Format Version 12.00
# Visual Studio Version 17
VisualStudioVersion = 17.7.34031.279
MinimumVisualStudioVersion = 10.0.40219.1
Project("{9A19103F-16F7-4668-BE54-9A1E7A4F7556}") = "RatingAPI", "RatingAPI.csproj", "{1E1EE9AD-07AA-4476-8BED-2F115336D752}"
EndProject
Project("{FAE04EC0-301F-11D3-BF4B-00C04F79EFBC}") = "Analyzer", "Analyzer\beatleader-analyzer\Analyzer.csproj", "{13150202-33B5-A75D-B052-45128801DA60}"
EndProject
Project("{FAE04EC0-301F-11D3-BF4B-00C04F79EFBC}") = "Benchmark", "Analyzer\Benchmark\Benchmark.csproj", "{26723843-4354-3517-5804-7105283AE956}"
EndProject
Project("{FAE04EC0-301F-11D3-BF4B-00C04F79EFBC}") = "Parser", "Analyzer\Parser\beatleader-parser\Parser.csproj", "{FA4EDD00-64EF-079E-9918-3EA508D1F623}"
EndProject
Global
	GlobalSection(SolutionConfigurationPlatforms) = preSolution
		Debug|Any CPU = Debug|Any CPU
		Release|Any CPU = Release|Any CPU
	EndGlobalSection
	GlobalSection(ProjectConfigurationPlatforms) = postSolution
		{1E1EE9AD-07AA-4476-8BED-2F115336D752}.Debug|Any CPU.ActiveCfg = Debug|Any CPU
		{1E1EE9AD-07AA-4476-8BED-2F115336D752}.Debug|Any CPU.Build.0 = Debug|Any CPU
		{1E1EE9AD-07AA-4476-8BED-2F115336D752}.Release|Any CPU.ActiveCfg = Release|Any CPU
		{1E1EE9AD-07AA-4476-8BED-2F115336D752}.Release|Any CPU.Build.0 = Release|Any CPU
		{13150202-33B5-A75D-B052-45128801DA60}.Debug|Any CPU.ActiveCfg = Debug|Any CPU
		{13150202-33B5-A75D-B052-45128801DA60}.Debug|Any CPU.Build.0 = Debug|Any CPU
		{13150202-33B5-A75D-B052-45128801DA60}.Release|Any CPU.ActiveCfg = Release|Any CPU
		{13150202-33B5-A75D-B052-45128801DA60}.Release|Any CPU.Build.0 = Release|Any CPU
		{26723843-4354-3517-5804-7105283AE956}.Debug|Any CPU.ActiveCfg = Debug|Any CPU
		{26723843-4354-3517-5804-7105283AE956}.Debug|Any CPU.Build.0 = Debug|Any CPU
		{26723843-4354-3517-5804-7105283AE956}.Release|Any CPU.ActiveCfg = Release|Any CPU
		{26723843-4354-3517-5804-7105283AE956}.Release|Any CPU.Build.0 = Release|Any CPU
		{FA4EDD00-64EF-079E-9918-3EA508D1F623}.Debug|Any CPU.ActiveCfg = Debug|Any CPU
		{FA4EDD00-64EF-079E-9918-3EA508D1F623}.Debug|Any CPU.Build.0 = Debug|Any CPU
		{FA4EDD00-64EF-079E-9918-3EA508D1F623}.Release|Any CPU.ActiveCfg = Release|Any CPU
		{FA4EDD00-64EF-079E-9918-3EA508D1F623}.Release|Any CPU.Build.0 = Release|Any CPU
	EndGlobalSection
	GlobalSection(SolutionProperties) = preSolution
		HideSolutionNode = FALSE
	EndGlobalSection
	GlobalSection(ExtensibilityGlobals) = postSolution
		SolutionGuid = {EDFE6F28-927B-44F6-AC8D-9B97769F1DF1}
	EndGlobalSection
EndGlobal
